
Microsoft Visual Studio Solution File, Format Version 12.00
# Visual Studio 15
VisualStudioVersion = 15.0.27130.2010
MinimumVisualStudioVersion = 10.0.40219.1
Project("{8BC9CEB8-8B4A-11D0-8D11-00A0C91BC942}") = "serial_com_linux", "serial_com_linux\serial_com_linux.vcxproj", "{6CAB5C1F-1489-4F56-B556-36821A9B69BF}"
EndProject
Global
	GlobalSection(SolutionConfigurationPlatforms) = preSolution
		Debug|ARM = Debug|ARM
		Debug|x64 = Debug|x64
		Debug|x86 = Debug|x86
		Release|ARM = Release|ARM
		Release|x64 = Release|x64
		Release|x86 = Release|x86
	EndGlobalSection
	GlobalSection(ProjectConfigurationPlatforms) = postSolution
		{6CAB5C1F-1489-4F56-B556-36821A9B69BF}.Debug|ARM.ActiveCfg = Debug|ARM
		{6CAB5C1F-1489-4F56-B556-36821A9B69BF}.Debug|ARM.Build.0 = Debug|ARM
		{6CAB5C1F-1489-4F56-B556-36821A9B69BF}.Debug|x64.ActiveCfg = Debug|x64
		{6CAB5C1F-1489-4F56-B556-36821A9B69BF}.Debug|x64.Build.0 = Debug|x64
		{6CAB5C1F-1489-4F56-B556-36821A9B69BF}.Debug|x86.ActiveCfg = Debug|x86
		{6CAB5C1F-1489-4F56-B556-36821A9B69BF}.Debug|x86.Build.0 = Debug|x86
		{6CAB5C1F-1489-4F56-B556-36821A9B69BF}.Release|ARM.ActiveCfg = Release|ARM
		{6CAB5C1F-1489-4F56-B556-36821A9B69BF}.Release|ARM.Build.0 = Release|ARM
		{6CAB5C1F-1489-4F56-B556-36821A9B69BF}.Release|x64.ActiveCfg = Release|x64
		{6CAB5C1F-1489-4F56-B556-36821A9B69BF}.Release|x64.Build.0 = Release|x64
		{6CAB5C1F-1489-4F56-B556-36821A9B69BF}.Release|x86.ActiveCfg = Release|x86
		{6CAB5C1F-1489-4F56-B556-36821A9B69BF}.Release|x86.Build.0 = Release|x86
	EndGlobalSection
	GlobalSection(SolutionProperties) = preSolution
		HideSolutionNode = FALSE
	EndGlobalSection
	GlobalSection(ExtensibilityGlobals) = postSolution
		SolutionGuid = {366CCF4E-8962-4278-B0E3-5F1A84388420}
	EndGlobalSection
EndGlobal
